// !$*UTF8*$!
{
	archiveVersion = 1;
	classes = {
	};
	objectVersion = 46;
	objects = {

/* Begin PBXBuildFile section */
		C94959531AB6C7D200BDB14F /* SettingsTVC.m in Sources */ = {isa = PBXBuildFile; fileRef = C94959521AB6C7D200BDB14F /* SettingsTVC.m */; };
		C94959561AB6C81900BDB14F /* TimelineCDTVC.m in Sources */ = {isa = PBXBuildFile; fileRef = C94959551AB6C81900BDB14F /* TimelineCDTVC.m */; };
		C94959591AB6C87700BDB14F /* NoteCDTVC.m in Sources */ = {isa = PBXBuildFile; fileRef = C94959581AB6C87700BDB14F /* NoteCDTVC.m */; };
		C94E767C1AE8F06F00A9B891 /* Step.plist in Resources */ = {isa = PBXBuildFile; fileRef = C94E767B1AE8F06F00A9B891 /* Step.plist */; };
		C94E76911AEA0D7C00A9B891 /* StepCat.m in Sources */ = {isa = PBXBuildFile; fileRef = C94E76901AEA0D7C00A9B891 /* StepCat.m */; };
		C94E76941AEA0D7C00A9B891 /* EventCat.m in Sources */ = {isa = PBXBuildFile; fileRef = C94E76931AEA0D7C00A9B891 /* EventCat.m */; };
		C94E76971AEA0D7C00A9B891 /* Step.m in Sources */ = {isa = PBXBuildFile; fileRef = C94E76961AEA0D7C00A9B891 /* Step.m */; };
		C94E769A1AEA0D7C00A9B891 /* Photo.m in Sources */ = {isa = PBXBuildFile; fileRef = C94E76991AEA0D7C00A9B891 /* Photo.m */; };
		C94E769D1AEA0D7C00A9B891 /* Event.m in Sources */ = {isa = PBXBuildFile; fileRef = C94E769C1AEA0D7C00A9B891 /* Event.m */; };
		C94E76A01AEA0D7C00A9B891 /* Baby.m in Sources */ = {isa = PBXBuildFile; fileRef = C94E769F1AEA0D7C00A9B891 /* Baby.m */; };
		C9EEEC451AB4CF6C003E8D6F /* main.m in Sources */ = {isa = PBXBuildFile; fileRef = C9EEEC441AB4CF6C003E8D6F /* main.m */; };
		C9EEEC481AB4CF6C003E8D6F /* AppDelegate.m in Sources */ = {isa = PBXBuildFile; fileRef = C9EEEC471AB4CF6C003E8D6F /* AppDelegate.m */; };
		C9EEEC511AB4CF6C003E8D6F /* Main.storyboard in Resources */ = {isa = PBXBuildFile; fileRef = C9EEEC4F1AB4CF6C003E8D6F /* Main.storyboard */; };
		C9EEEC561AB4CF6C003E8D6F /* LaunchScreen.xib in Resources */ = {isa = PBXBuildFile; fileRef = C9EEEC541AB4CF6C003E8D6F /* LaunchScreen.xib */; };
		C9EEEC621AB4CF6C003E8D6F /* Pregnancy2getherTests.m in Sources */ = {isa = PBXBuildFile; fileRef = C9EEEC611AB4CF6C003E8D6F /* Pregnancy2getherTests.m */; };
		C9EEEC721AB4D166003E8D6F /* Model.xcdatamodeld in Sources */ = {isa = PBXBuildFile; fileRef = C9EEEC701AB4D166003E8D6F /* Model.xcdatamodeld */; };
		C9EEEC771AB4D210003E8D6F /* CoreDataTableViewCell.m in Sources */ = {isa = PBXBuildFile; fileRef = C9EEEC741AB4D210003E8D6F /* CoreDataTableViewCell.m */; };
		C9EEEC781AB4D210003E8D6F /* CoreDataTableViewController.m in Sources */ = {isa = PBXBuildFile; fileRef = C9EEEC761AB4D210003E8D6F /* CoreDataTableViewController.m */; };
		C9EEEC7C1AB4D3AA003E8D6F /* NWAdShiftTableViewController.m in Sources */ = {isa = PBXBuildFile; fileRef = C9EEEC7B1AB4D3AA003E8D6F /* NWAdShiftTableViewController.m */; };
		C9EEEC801AB4D8C6003E8D6F /* StepCategory.plist in Resources */ = {isa = PBXBuildFile; fileRef = C9EEEC7F1AB4D8C6003E8D6F /* StepCategory.plist */; };
		C9EEEC821AB4D948003E8D6F /* UserIcons.plist in Resources */ = {isa = PBXBuildFile; fileRef = C9EEEC811AB4D948003E8D6F /* UserIcons.plist */; };
		C9EEEC841AB4DD83003E8D6F /* EventCategory.plist in Resources */ = {isa = PBXBuildFile; fileRef = C9EEEC831AB4DD83003E8D6F /* EventCategory.plist */; };
		C9EEEC861AB4E326003E8D6F /* Images.xcassets in Resources */ = {isa = PBXBuildFile; fileRef = C9EEEC851AB4E326003E8D6F /* Images.xcassets */; };
/* End PBXBuildFile section */

/* Begin PBXContainerItemProxy section */
		C9EEEC5C1AB4CF6C003E8D6F /* PBXContainerItemProxy */ = {
			isa = PBXContainerItemProxy;
			containerPortal = C9EEEC371AB4CF6C003E8D6F /* Project object */;
			proxyType = 1;
			remoteGlobalIDString = C9EEEC3E1AB4CF6C003E8D6F;
			remoteInfo = Pregnancy2gether;
		};
/* End PBXContainerItemProxy section */

/* Begin PBXFileReference section */
		C94959511AB6C7D200BDB14F /* SettingsTVC.h */ = {isa = PBXFileReference; fileEncoding = 4; lastKnownFileType = sourcecode.c.h; name = SettingsTVC.h; path = Controllers/SettingsTVC.h; sourceTree = "<group>"; };
		C94959521AB6C7D200BDB14F /* SettingsTVC.m */ = {isa = PBXFileReference; fileEncoding = 4; lastKnownFileType = sourcecode.c.objc; name = SettingsTVC.m; path = Controllers/SettingsTVC.m; sourceTree = "<group>"; };
		C94959541AB6C81900BDB14F /* TimelineCDTVC.h */ = {isa = PBXFileReference; fileEncoding = 4; lastKnownFileType = sourcecode.c.h; name = TimelineCDTVC.h; path = Controllers/TimelineCDTVC.h; sourceTree = "<group>"; };
		C94959551AB6C81900BDB14F /* TimelineCDTVC.m */ = {isa = PBXFileReference; fileEncoding = 4; lastKnownFileType = sourcecode.c.objc; name = TimelineCDTVC.m; path = Controllers/TimelineCDTVC.m; sourceTree = "<group>"; };
		C94959571AB6C87700BDB14F /* NoteCDTVC.h */ = {isa = PBXFileReference; fileEncoding = 4; lastKnownFileType = sourcecode.c.h; name = NoteCDTVC.h; path = Controllers/NoteCDTVC.h; sourceTree = "<group>"; };
		C94959581AB6C87700BDB14F /* NoteCDTVC.m */ = {isa = PBXFileReference; fileEncoding = 4; lastKnownFileType = sourcecode.c.objc; name = NoteCDTVC.m; path = Controllers/NoteCDTVC.m; sourceTree = "<group>"; };
		C94E767B1AE8F06F00A9B891 /* Step.plist */ = {isa = PBXFileReference; fileEncoding = 4; lastKnownFileType = text.plist.xml; name = Step.plist; path = RecourceFile/Step.plist; sourceTree = "<group>"; };
		C94E768F1AEA0D7C00A9B891 /* StepCat.h */ = {isa = PBXFileReference; fileEncoding = 4; lastKnownFileType = sourcecode.c.h; name = StepCat.h; path = Model/StepCat.h; sourceTree = "<group>"; };
		C94E76901AEA0D7C00A9B891 /* StepCat.m */ = {isa = PBXFileReference; fileEncoding = 4; lastKnownFileType = sourcecode.c.objc; name = StepCat.m; path = Model/StepCat.m; sourceTree = "<group>"; };
		C94E76921AEA0D7C00A9B891 /* EventCat.h */ = {isa = PBXFileReference; fileEncoding = 4; lastKnownFileType = sourcecode.c.h; name = EventCat.h; path = Model/EventCat.h; sourceTree = "<group>"; };
		C94E76931AEA0D7C00A9B891 /* EventCat.m */ = {isa = PBXFileReference; fileEncoding = 4; lastKnownFileType = sourcecode.c.objc; name = EventCat.m; path = Model/EventCat.m; sourceTree = "<group>"; };
		C94E76951AEA0D7C00A9B891 /* Step.h */ = {isa = PBXFileReference; fileEncoding = 4; lastKnownFileType = sourcecode.c.h; name = Step.h; path = Model/Step.h; sourceTree = "<group>"; };
		C94E76961AEA0D7C00A9B891 /* Step.m */ = {isa = PBXFileReference; fileEncoding = 4; lastKnownFileType = sourcecode.c.objc; name = Step.m; path = Model/Step.m; sourceTree = "<group>"; };
		C94E76981AEA0D7C00A9B891 /* Photo.h */ = {isa = PBXFileReference; fileEncoding = 4; lastKnownFileType = sourcecode.c.h; name = Photo.h; path = Model/Photo.h; sourceTree = "<group>"; };
		C94E76991AEA0D7C00A9B891 /* Photo.m */ = {isa = PBXFileReference; fileEncoding = 4; lastKnownFileType = sourcecode.c.objc; name = Photo.m; path = Model/Photo.m; sourceTree = "<group>"; };
		C94E769B1AEA0D7C00A9B891 /* Event.h */ = {isa = PBXFileReference; fileEncoding = 4; lastKnownFileType = sourcecode.c.h; name = Event.h; path = Model/Event.h; sourceTree = "<group>"; };
		C94E769C1AEA0D7C00A9B891 /* Event.m */ = {isa = PBXFileReference; fileEncoding = 4; lastKnownFileType = sourcecode.c.objc; name = Event.m; path = Model/Event.m; sourceTree = "<group>"; };
		C94E769E1AEA0D7C00A9B891 /* Baby.h */ = {isa = PBXFileReference; fileEncoding = 4; lastKnownFileType = sourcecode.c.h; name = Baby.h; path = Model/Baby.h; sourceTree = "<group>"; };
		C94E769F1AEA0D7C00A9B891 /* Baby.m */ = {isa = PBXFileReference; fileEncoding = 4; lastKnownFileType = sourcecode.c.objc; name = Baby.m; path = Model/Baby.m; sourceTree = "<group>"; };
		C9EEEC3F1AB4CF6C003E8D6F /* Pregnancy2gether.app */ = {isa = PBXFileReference; explicitFileType = wrapper.application; includeInIndex = 0; path = Pregnancy2gether.app; sourceTree = BUILT_PRODUCTS_DIR; };
		C9EEEC431AB4CF6C003E8D6F /* Info.plist */ = {isa = PBXFileReference; lastKnownFileType = text.plist.xml; path = Info.plist; sourceTree = "<group>"; };
		C9EEEC441AB4CF6C003E8D6F /* main.m */ = {isa = PBXFileReference; lastKnownFileType = sourcecode.c.objc; path = main.m; sourceTree = "<group>"; };
		C9EEEC461AB4CF6C003E8D6F /* AppDelegate.h */ = {isa = PBXFileReference; lastKnownFileType = sourcecode.c.h; path = AppDelegate.h; sourceTree = "<group>"; };
		C9EEEC471AB4CF6C003E8D6F /* AppDelegate.m */ = {isa = PBXFileReference; lastKnownFileType = sourcecode.c.objc; path = AppDelegate.m; sourceTree = "<group>"; };
		C9EEEC501AB4CF6C003E8D6F /* Base */ = {isa = PBXFileReference; lastKnownFileType = file.storyboard; name = Base; path = Base.lproj/Main.storyboard; sourceTree = "<group>"; };
		C9EEEC551AB4CF6C003E8D6F /* Base */ = {isa = PBXFileReference; lastKnownFileType = file.xib; name = Base; path = Base.lproj/LaunchScreen.xib; sourceTree = "<group>"; };
		C9EEEC5B1AB4CF6C003E8D6F /* Pregnancy2getherTests.xctest */ = {isa = PBXFileReference; explicitFileType = wrapper.cfbundle; includeInIndex = 0; path = Pregnancy2getherTests.xctest; sourceTree = BUILT_PRODUCTS_DIR; };
		C9EEEC601AB4CF6C003E8D6F /* Info.plist */ = {isa = PBXFileReference; lastKnownFileType = text.plist.xml; path = Info.plist; sourceTree = "<group>"; };
		C9EEEC611AB4CF6C003E8D6F /* Pregnancy2getherTests.m */ = {isa = PBXFileReference; lastKnownFileType = sourcecode.c.objc; path = Pregnancy2getherTests.m; sourceTree = "<group>"; };
		C9EEEC711AB4D166003E8D6F /* Model.xcdatamodel */ = {isa = PBXFileReference; lastKnownFileType = wrapper.xcdatamodel; path = Model.xcdatamodel; sourceTree = "<group>"; };
		C9EEEC731AB4D210003E8D6F /* CoreDataTableViewCell.h */ = {isa = PBXFileReference; fileEncoding = 4; lastKnownFileType = sourcecode.c.h; path = CoreDataTableViewCell.h; sourceTree = "<group>"; };
		C9EEEC741AB4D210003E8D6F /* CoreDataTableViewCell.m */ = {isa = PBXFileReference; fileEncoding = 4; lastKnownFileType = sourcecode.c.objc; path = CoreDataTableViewCell.m; sourceTree = "<group>"; };
		C9EEEC751AB4D210003E8D6F /* CoreDataTableViewController.h */ = {isa = PBXFileReference; fileEncoding = 4; lastKnownFileType = sourcecode.c.h; path = CoreDataTableViewController.h; sourceTree = "<group>"; };
		C9EEEC761AB4D210003E8D6F /* CoreDataTableViewController.m */ = {isa = PBXFileReference; fileEncoding = 4; lastKnownFileType = sourcecode.c.objc; path = CoreDataTableViewController.m; sourceTree = "<group>"; };
		C9EEEC7A1AB4D3AA003E8D6F /* NWAdShiftTableViewController.h */ = {isa = PBXFileReference; fileEncoding = 4; lastKnownFileType = sourcecode.c.h; name = NWAdShiftTableViewController.h; path = NWClass/NWAdShiftTableViewController.h; sourceTree = "<group>"; };
		C9EEEC7B1AB4D3AA003E8D6F /* NWAdShiftTableViewController.m */ = {isa = PBXFileReference; fileEncoding = 4; lastKnownFileType = sourcecode.c.objc; name = NWAdShiftTableViewController.m; path = NWClass/NWAdShiftTableViewController.m; sourceTree = "<group>"; };
		C9EEEC7F1AB4D8C6003E8D6F /* StepCategory.plist */ = {isa = PBXFileReference; fileEncoding = 4; lastKnownFileType = text.plist.xml; name = StepCategory.plist; path = RecourceFile/StepCategory.plist; sourceTree = "<group>"; };
		C9EEEC811AB4D948003E8D6F /* UserIcons.plist */ = {isa = PBXFileReference; fileEncoding = 4; lastKnownFileType = text.plist.xml; name = UserIcons.plist; path = RecourceFile/UserIcons.plist; sourceTree = "<group>"; };
		C9EEEC831AB4DD83003E8D6F /* EventCategory.plist */ = {isa = PBXFileReference; fileEncoding = 4; lastKnownFileType = text.plist.xml; name = EventCategory.plist; path = RecourceFile/EventCategory.plist; sourceTree = "<group>"; };
		C9EEEC851AB4E326003E8D6F /* Images.xcassets */ = {isa = PBXFileReference; lastKnownFileType = folder.assetcatalog; path = Images.xcassets; sourceTree = "<group>"; };
/* End PBXFileReference section */

/* Begin PBXFrameworksBuildPhase section */
		C9EEEC3C1AB4CF6C003E8D6F /* Frameworks */ = {
			isa = PBXFrameworksBuildPhase;
			buildActionMask = 2147483647;
			files = (
			);
			runOnlyForDeploymentPostprocessing = 0;
		};
		C9EEEC581AB4CF6C003E8D6F /* Frameworks */ = {
			isa = PBXFrameworksBuildPhase;
			buildActionMask = 2147483647;
			files = (
			);
			runOnlyForDeploymentPostprocessing = 0;
		};
/* End PBXFrameworksBuildPhase section */

/* Begin PBXGroup section */
		C9EEEC361AB4CF6C003E8D6F = {
			isa = PBXGroup;
			children = (
				C9EEEC411AB4CF6C003E8D6F /* Pregnancy2gether */,
				C9EEEC5E1AB4CF6C003E8D6F /* Pregnancy2getherTests */,
				C9EEEC401AB4CF6C003E8D6F /* Products */,
			);
			sourceTree = "<group>";
		};
		C9EEEC401AB4CF6C003E8D6F /* Products */ = {
			isa = PBXGroup;
			children = (
				C9EEEC3F1AB4CF6C003E8D6F /* Pregnancy2gether.app */,
				C9EEEC5B1AB4CF6C003E8D6F /* Pregnancy2getherTests.xctest */,
			);
			name = Products;
			sourceTree = "<group>";
		};
		C9EEEC411AB4CF6C003E8D6F /* Pregnancy2gether */ = {
			isa = PBXGroup;
			children = (
				C9EEEC851AB4E326003E8D6F /* Images.xcassets */,
				C9EEEC7E1AB4D3CA003E8D6F /* CustController */,
				C9EEEC7D1AB4D3BF003E8D6F /* CustView */,
				C9EEEC791AB4D2EC003E8D6F /* NWClass */,
				C9EEEC6F1AB4D0EA003E8D6F /* Libraries */,
				C9EEEC6E1AB4D0A2003E8D6F /* CoreDataModel */,
				C9EEEC6D1AB4D043003E8D6F /* Controller */,
				C9EEEC6C1AB4D031003E8D6F /* View */,
				C9EEEC6B1AB4D01F003E8D6F /* Resource */,
				C9EEEC461AB4CF6C003E8D6F /* AppDelegate.h */,
				C9EEEC471AB4CF6C003E8D6F /* AppDelegate.m */,
				C9EEEC421AB4CF6C003E8D6F /* Supporting Files */,
			);
			path = Pregnancy2gether;
			sourceTree = "<group>";
		};
		C9EEEC421AB4CF6C003E8D6F /* Supporting Files */ = {
			isa = PBXGroup;
			children = (
				C9EEEC431AB4CF6C003E8D6F /* Info.plist */,
				C9EEEC441AB4CF6C003E8D6F /* main.m */,
			);
			name = "Supporting Files";
			sourceTree = "<group>";
		};
		C9EEEC5E1AB4CF6C003E8D6F /* Pregnancy2getherTests */ = {
			isa = PBXGroup;
			children = (
				C9EEEC611AB4CF6C003E8D6F /* Pregnancy2getherTests.m */,
				C9EEEC5F1AB4CF6C003E8D6F /* Supporting Files */,
			);
			path = Pregnancy2getherTests;
			sourceTree = "<group>";
		};
		C9EEEC5F1AB4CF6C003E8D6F /* Supporting Files */ = {
			isa = PBXGroup;
			children = (
				C9EEEC601AB4CF6C003E8D6F /* Info.plist */,
			);
			name = "Supporting Files";
			sourceTree = "<group>";
		};
		C9EEEC6B1AB4D01F003E8D6F /* Resource */ = {
			isa = PBXGroup;
			children = (
				C9EEEC811AB4D948003E8D6F /* UserIcons.plist */,
				C9EEEC7F1AB4D8C6003E8D6F /* StepCategory.plist */,
				C9EEEC831AB4DD83003E8D6F /* EventCategory.plist */,
				C94E767B1AE8F06F00A9B891 /* Step.plist */,
			);
			name = Resource;
			sourceTree = "<group>";
		};
		C9EEEC6C1AB4D031003E8D6F /* View */ = {
			isa = PBXGroup;
			children = (
				C9EEEC541AB4CF6C003E8D6F /* LaunchScreen.xib */,
				C9EEEC4F1AB4CF6C003E8D6F /* Main.storyboard */,
			);
			name = View;
			sourceTree = "<group>";
		};
		C9EEEC6D1AB4D043003E8D6F /* Controller */ = {
			isa = PBXGroup;
			children = (
				C94959511AB6C7D200BDB14F /* SettingsTVC.h */,
				C94959521AB6C7D200BDB14F /* SettingsTVC.m */,
				C94959541AB6C81900BDB14F /* TimelineCDTVC.h */,
				C94959551AB6C81900BDB14F /* TimelineCDTVC.m */,
				C94959571AB6C87700BDB14F /* NoteCDTVC.h */,
				C94959581AB6C87700BDB14F /* NoteCDTVC.m */,
			);
			name = Controller;
			sourceTree = "<group>";
		};
		C9EEEC6E1AB4D0A2003E8D6F /* CoreDataModel */ = {
			isa = PBXGroup;
			children = (
				C94E769E1AEA0D7C00A9B891 /* Baby.h */,
				C94E769F1AEA0D7C00A9B891 /* Baby.m */,
				C94E769B1AEA0D7C00A9B891 /* Event.h */,
				C94E769C1AEA0D7C00A9B891 /* Event.m */,
				C94E76981AEA0D7C00A9B891 /* Photo.h */,
				C94E76991AEA0D7C00A9B891 /* Photo.m */,
				C94E76951AEA0D7C00A9B891 /* Step.h */,
				C94E76961AEA0D7C00A9B891 /* Step.m */,
				C94E76921AEA0D7C00A9B891 /* EventCat.h */,
				C94E76931AEA0D7C00A9B891 /* EventCat.m */,
				C94E768F1AEA0D7C00A9B891 /* StepCat.h */,
				C94E76901AEA0D7C00A9B891 /* StepCat.m */,
				C9EEEC701AB4D166003E8D6F /* Model.xcdatamodeld */,
			);
			name = CoreDataModel;
			sourceTree = "<group>";
		};
		C9EEEC6F1AB4D0EA003E8D6F /* Libraries */ = {
			isa = PBXGroup;
			children = (
				C9EEEC731AB4D210003E8D6F /* CoreDataTableViewCell.h */,
				C9EEEC741AB4D210003E8D6F /* CoreDataTableViewCell.m */,
				C9EEEC751AB4D210003E8D6F /* CoreDataTableViewController.h */,
				C9EEEC761AB4D210003E8D6F /* CoreDataTableViewController.m */,
			);
			name = Libraries;
			sourceTree = "<group>";
		};
		C9EEEC791AB4D2EC003E8D6F /* NWClass */ = {
			isa = PBXGroup;
			children = (
				C9EEEC7A1AB4D3AA003E8D6F /* NWAdShiftTableViewController.h */,
				C9EEEC7B1AB4D3AA003E8D6F /* NWAdShiftTableViewController.m */,
			);
			name = NWClass;
			sourceTree = "<group>";
		};
		C9EEEC7D1AB4D3BF003E8D6F /* CustView */ = {
			isa = PBXGroup;
			children = (
			);
			name = CustView;
			sourceTree = "<group>";
		};
		C9EEEC7E1AB4D3CA003E8D6F /* CustController */ = {
			isa = PBXGroup;
			children = (
			);
			name = CustController;
			sourceTree = "<group>";
		};
/* End PBXGroup section */

/* Begin PBXNativeTarget section */
		C9EEEC3E1AB4CF6C003E8D6F /* Pregnancy2gether */ = {
			isa = PBXNativeTarget;
			buildConfigurationList = C9EEEC651AB4CF6C003E8D6F /* Build configuration list for PBXNativeTarget "Pregnancy2gether" */;
			buildPhases = (
				C9EEEC3B1AB4CF6C003E8D6F /* Sources */,
				C9EEEC3C1AB4CF6C003E8D6F /* Frameworks */,
				C9EEEC3D1AB4CF6C003E8D6F /* Resources */,
			);
			buildRules = (
			);
			dependencies = (
			);
			name = Pregnancy2gether;
			productName = Pregnancy2gether;
			productReference = C9EEEC3F1AB4CF6C003E8D6F /* Pregnancy2gether.app */;
			productType = "com.apple.product-type.application";
		};
		C9EEEC5A1AB4CF6C003E8D6F /* Pregnancy2getherTests */ = {
			isa = PBXNativeTarget;
			buildConfigurationList = C9EEEC681AB4CF6C003E8D6F /* Build configuration list for PBXNativeTarget "Pregnancy2getherTests" */;
			buildPhases = (
				C9EEEC571AB4CF6C003E8D6F /* Sources */,
				C9EEEC581AB4CF6C003E8D6F /* Frameworks */,
				C9EEEC591AB4CF6C003E8D6F /* Resources */,
			);
			buildRules = (
			);
			dependencies = (
				C9EEEC5D1AB4CF6C003E8D6F /* PBXTargetDependency */,
			);
			name = Pregnancy2getherTests;
			productName = Pregnancy2getherTests;
			productReference = C9EEEC5B1AB4CF6C003E8D6F /* Pregnancy2getherTests.xctest */;
			productType = "com.apple.product-type.bundle.unit-test";
		};
/* End PBXNativeTarget section */

/* Begin PBXProject section */
		C9EEEC371AB4CF6C003E8D6F /* Project object */ = {
			isa = PBXProject;
			attributes = {
				LastUpgradeCheck = 0610;
				ORGANIZATIONNAME = nwlab;
				TargetAttributes = {
					C9EEEC3E1AB4CF6C003E8D6F = {
						CreatedOnToolsVersion = 6.1.1;
					};
					C9EEEC5A1AB4CF6C003E8D6F = {
						CreatedOnToolsVersion = 6.1.1;
						TestTargetID = C9EEEC3E1AB4CF6C003E8D6F;
					};
				};
			};
			buildConfigurationList = C9EEEC3A1AB4CF6C003E8D6F /* Build configuration list for PBXProject "Pregnancy2gether" */;
			compatibilityVersion = "Xcode 3.2";
			developmentRegion = English;
			hasScannedForEncodings = 0;
			knownRegions = (
				en,
				Base,
			);
			mainGroup = C9EEEC361AB4CF6C003E8D6F;
			productRefGroup = C9EEEC401AB4CF6C003E8D6F /* Products */;
			projectDirPath = "";
			projectRoot = "";
			targets = (
				C9EEEC3E1AB4CF6C003E8D6F /* Pregnancy2gether */,
				C9EEEC5A1AB4CF6C003E8D6F /* Pregnancy2getherTests */,
			);
		};
/* End PBXProject section */

/* Begin PBXResourcesBuildPhase section */
		C9EEEC3D1AB4CF6C003E8D6F /* Resources */ = {
			isa = PBXResourcesBuildPhase;
			buildActionMask = 2147483647;
			files = (
				C9EEEC511AB4CF6C003E8D6F /* Main.storyboard in Resources */,
				C9EEEC561AB4CF6C003E8D6F /* LaunchScreen.xib in Resources */,
				C9EEEC801AB4D8C6003E8D6F /* StepCategory.plist in Resources */,
				C94E767C1AE8F06F00A9B891 /* Step.plist in Resources */,
				C9EEEC861AB4E326003E8D6F /* Images.xcassets in Resources */,
				C9EEEC821AB4D948003E8D6F /* UserIcons.plist in Resources */,
				C9EEEC841AB4DD83003E8D6F /* EventCategory.plist in Resources */,
			);
			runOnlyForDeploymentPostprocessing = 0;
		};
		C9EEEC591AB4CF6C003E8D6F /* Resources */ = {
			isa = PBXResourcesBuildPhase;
			buildActionMask = 2147483647;
			files = (
			);
			runOnlyForDeploymentPostprocessing = 0;
		};
/* End PBXResourcesBuildPhase section */

/* Begin PBXSourcesBuildPhase section */
		C9EEEC3B1AB4CF6C003E8D6F /* Sources */ = {
			isa = PBXSourcesBuildPhase;
			buildActionMask = 2147483647;
			files = (
				C94E76A01AEA0D7C00A9B891 /* Baby.m in Sources */,
				C9EEEC7C1AB4D3AA003E8D6F /* NWAdShiftTableViewController.m in Sources */,
				C9EEEC481AB4CF6C003E8D6F /* AppDelegate.m in Sources */,
				C94959531AB6C7D200BDB14F /* SettingsTVC.m in Sources */,
				C9EEEC781AB4D210003E8D6F /* CoreDataTableViewController.m in Sources */,
				C94E76911AEA0D7C00A9B891 /* StepCat.m in Sources */,
				C9EEEC721AB4D166003E8D6F /* Model.xcdatamodeld in Sources */,
				C94959561AB6C81900BDB14F /* TimelineCDTVC.m in Sources */,
				C9EEEC771AB4D210003E8D6F /* CoreDataTableViewCell.m in Sources */,
				C94959591AB6C87700BDB14F /* NoteCDTVC.m in Sources */,
				C94E769A1AEA0D7C00A9B891 /* Photo.m in Sources */,
				C94E76971AEA0D7C00A9B891 /* Step.m in Sources */,
				C94E769D1AEA0D7C00A9B891 /* Event.m in Sources */,
				C94E76941AEA0D7C00A9B891 /* EventCat.m in Sources */,
				C9EEEC451AB4CF6C003E8D6F /* main.m in Sources */,
			);
			runOnlyForDeploymentPostprocessing = 0;
		};
		C9EEEC571AB4CF6C003E8D6F /* Sources */ = {
			isa = PBXSourcesBuildPhase;
			buildActionMask = 2147483647;
			files = (
				C9EEEC621AB4CF6C003E8D6F /* Pregnancy2getherTests.m in Sources */,
			);
			runOnlyForDeploymentPostprocessing = 0;
		};
/* End PBXSourcesBuildPhase section */

/* Begin PBXTargetDependency section */
		C9EEEC5D1AB4CF6C003E8D6F /* PBXTargetDependency */ = {
			isa = PBXTargetDependency;
			target = C9EEEC3E1AB4CF6C003E8D6F /* Pregnancy2gether */;
			targetProxy = C9EEEC5C1AB4CF6C003E8D6F /* PBXContainerItemProxy */;
		};
/* End PBXTargetDependency section */

/* Begin PBXVariantGroup section */
		C9EEEC4F1AB4CF6C003E8D6F /* Main.storyboard */ = {
			isa = PBXVariantGroup;
			children = (
				C9EEEC501AB4CF6C003E8D6F /* Base */,
			);
			name = Main.storyboard;
			sourceTree = "<group>";
		};
		C9EEEC541AB4CF6C003E8D6F /* LaunchScreen.xib */ = {
			isa = PBXVariantGroup;
			children = (
				C9EEEC551AB4CF6C003E8D6F /* Base */,
			);
			name = LaunchScreen.xib;
			sourceTree = "<group>";
		};
/* End PBXVariantGroup section */

/* Begin XCBuildConfiguration section */
		C9EEEC631AB4CF6C003E8D6F /* Debug */ = {
			isa = XCBuildConfiguration;
			buildSettings = {
				ALWAYS_SEARCH_USER_PATHS = NO;
				CLANG_CXX_LANGUAGE_STANDARD = "gnu++0x";
				CLANG_CXX_LIBRARY = "libc++";
				CLANG_ENABLE_MODULES = YES;
				CLANG_ENABLE_OBJC_ARC = YES;
				CLANG_WARN_BOOL_CONVERSION = YES;
				CLANG_WARN_CONSTANT_CONVERSION = YES;
				CLANG_WARN_DIRECT_OBJC_ISA_USAGE = YES_ERROR;
				CLANG_WARN_EMPTY_BODY = YES;
				CLANG_WARN_ENUM_CONVERSION = YES;
				CLANG_WARN_INT_CONVERSION = YES;
				CLANG_WARN_OBJC_ROOT_CLASS = YES_ERROR;
				CLANG_WARN_UNREACHABLE_CODE = YES;
				CLANG_WARN__DUPLICATE_METHOD_MATCH = YES;
				"CODE_SIGN_IDENTITY[sdk=iphoneos*]" = "iPhone Developer";
				COPY_PHASE_STRIP = NO;
				ENABLE_STRICT_OBJC_MSGSEND = YES;
				GCC_C_LANGUAGE_STANDARD = gnu99;
				GCC_DYNAMIC_NO_PIC = NO;
				GCC_OPTIMIZATION_LEVEL = 0;
				GCC_PREPROCESSOR_DEFINITIONS = (
					"DEBUG=1",
					"$(inherited)",
				);
				GCC_SYMBOLS_PRIVATE_EXTERN = NO;
				GCC_WARN_64_TO_32_BIT_CONVERSION = YES;
				GCC_WARN_ABOUT_RETURN_TYPE = YES_ERROR;
				GCC_WARN_UNDECLARED_SELECTOR = YES;
				GCC_WARN_UNINITIALIZED_AUTOS = YES_AGGRESSIVE;
				GCC_WARN_UNUSED_FUNCTION = YES;
				GCC_WARN_UNUSED_VARIABLE = YES;
				IPHONEOS_DEPLOYMENT_TARGET = 8.1;
				MTL_ENABLE_DEBUG_INFO = YES;
				ONLY_ACTIVE_ARCH = YES;
				SDKROOT = iphoneos;
				TARGETED_DEVICE_FAMILY = "1,2";
			};
			name = Debug;
		};
		C9EEEC641AB4CF6C003E8D6F /* Release */ = {
			isa = XCBuildConfiguration;
			buildSettings = {
				ALWAYS_SEARCH_USER_PATHS = NO;
				CLANG_CXX_LANGUAGE_STANDARD = "gnu++0x";
				CLANG_CXX_LIBRARY = "libc++";
				CLANG_ENABLE_MODULES = YES;
				CLANG_ENABLE_OBJC_ARC = YES;
				CLANG_WARN_BOOL_CONVERSION = YES;
				CLANG_WARN_CONSTANT_CONVERSION = YES;
				CLANG_WARN_DIRECT_OBJC_ISA_USAGE = YES_ERROR;
				CLANG_WARN_EMPTY_BODY = YES;
				CLANG_WARN_ENUM_CONVERSION = YES;
				CLANG_WARN_INT_CONVERSION = YES;
				CLANG_WARN_OBJC_ROOT_CLASS = YES_ERROR;
				CLANG_WARN_UNREACHABLE_CODE = YES;
				CLANG_WARN__DUPLICATE_METHOD_MATCH = YES;
				"CODE_SIGN_IDENTITY[sdk=iphoneos*]" = "iPhone Developer";
				COPY_PHASE_STRIP = YES;
				ENABLE_NS_ASSERTIONS = NO;
				ENABLE_STRICT_OBJC_MSGSEND = YES;
				GCC_C_LANGUAGE_STANDARD = gnu99;
				GCC_WARN_64_TO_32_BIT_CONVERSION = YES;
				GCC_WARN_ABOUT_RETURN_TYPE = YES_ERROR;
				GCC_WARN_UNDECLARED_SELECTOR = YES;
				GCC_WARN_UNINITIALIZED_AUTOS = YES_AGGRESSIVE;
				GCC_WARN_UNUSED_FUNCTION = YES;
				GCC_WARN_UNUSED_VARIABLE = YES;
				IPHONEOS_DEPLOYMENT_TARGET = 8.1;
				MTL_ENABLE_DEBUG_INFO = NO;
				SDKROOT = iphoneos;
				TARGETED_DEVICE_FAMILY = "1,2";
				VALIDATE_PRODUCT = YES;
			};
			name = Release;
		};
		C9EEEC661AB4CF6C003E8D6F /* Debug */ = {
			isa = XCBuildConfiguration;
			buildSettings = {
				ASSETCATALOG_COMPILER_APPICON_NAME = AppIcon;
				INFOPLIST_FILE = Pregnancy2gether/Info.plist;
				IPHONEOS_DEPLOYMENT_TARGET = 7.0;
				LD_RUNPATH_SEARCH_PATHS = "$(inherited) @executable_path/Frameworks";
				PRODUCT_NAME = "$(TARGET_NAME)";
			};
			name = Debug;
		};
		C9EEEC671AB4CF6C003E8D6F /* Release */ = {
			isa = XCBuildConfiguration;
			buildSettings = {
				ASSETCATALOG_COMPILER_APPICON_NAME = AppIcon;
				INFOPLIST_FILE = Pregnancy2gether/Info.plist;
				IPHONEOS_DEPLOYMENT_TARGET = 7.0;
				LD_RUNPATH_SEARCH_PATHS = "$(inherited) @executable_path/Frameworks";
				PRODUCT_NAME = "$(TARGET_NAME)";
			};
			name = Release;
		};
		C9EEEC691AB4CF6C003E8D6F /* Debug */ = {
			isa = XCBuildConfiguration;
			buildSettings = {
				BUNDLE_LOADER = "$(TEST_HOST)";
				FRAMEWORK_SEARCH_PATHS = (
					"$(SDKROOT)/Developer/Library/Frameworks",
					"$(inherited)",
				);
				GCC_PREPROCESSOR_DEFINITIONS = (
					"DEBUG=1",
					"$(inherited)",
				);
				INFOPLIST_FILE = Pregnancy2getherTests/Info.plist;
				LD_RUNPATH_SEARCH_PATHS = "$(inherited) @executable_path/Frameworks @loader_path/Frameworks";
				PRODUCT_NAME = "$(TARGET_NAME)";
				TEST_HOST = "$(BUILT_PRODUCTS_DIR)/Pregnancy2gether.app/Pregnancy2gether";
			};
			name = Debug;
		};
		C9EEEC6A1AB4CF6C003E8D6F /* Release */ = {
			isa = XCBuildConfiguration;
			buildSettings = {
				BUNDLE_LOADER = "$(TEST_HOST)";
				FRAMEWORK_SEARCH_PATHS = (
					"$(SDKROOT)/Developer/Library/Frameworks",
					"$(inherited)",
				);
				INFOPLIST_FILE = Pregnancy2getherTests/Info.plist;
				LD_RUNPATH_SEARCH_PATHS = "$(inherited) @executable_path/Frameworks @loader_path/Frameworks";
				PRODUCT_NAME = "$(TARGET_NAME)";
				TEST_HOST = "$(BUILT_PRODUCTS_DIR)/Pregnancy2gether.app/Pregnancy2gether";
			};
			name = Release;
		};
/* End XCBuildConfiguration section */

/* Begin XCConfigurationList section */
		C9EEEC3A1AB4CF6C003E8D6F /* Build configuration list for PBXProject "Pregnancy2gether" */ = {
			isa = XCConfigurationList;
			buildConfigurations = (
				C9EEEC631AB4CF6C003E8D6F /* Debug */,
				C9EEEC641AB4CF6C003E8D6F /* Release */,
			);
			defaultConfigurationIsVisible = 0;
			defaultConfigurationName = Release;
		};
		C9EEEC651AB4CF6C003E8D6F /* Build configuration list for PBXNativeTarget "Pregnancy2gether" */ = {
			isa = XCConfigurationList;
			buildConfigurations = (
				C9EEEC661AB4CF6C003E8D6F /* Debug */,
				C9EEEC671AB4CF6C003E8D6F /* Release */,
			);
			defaultConfigurationIsVisible = 0;
			defaultConfigurationName = Release;
		};
		C9EEEC681AB4CF6C003E8D6F /* Build configuration list for PBXNativeTarget "Pregnancy2getherTests" */ = {
			isa = XCConfigurationList;
			buildConfigurations = (
				C9EEEC691AB4CF6C003E8D6F /* Debug */,
				C9EEEC6A1AB4CF6C003E8D6F /* Release */,
			);
			defaultConfigurationIsVisible = 0;
			defaultConfigurationName = Release;
		};
/* End XCConfigurationList section */

/* Begin XCVersionGroup section */
		C9EEEC701AB4D166003E8D6F /* Model.xcdatamodeld */ = {
			isa = XCVersionGroup;
			children = (
				C9EEEC711AB4D166003E8D6F /* Model.xcdatamodel */,
			);
			currentVersion = C9EEEC711AB4D166003E8D6F /* Model.xcdatamodel */;
			path = Model.xcdatamodeld;
			sourceTree = "<group>";
			versionGroupType = wrapper.xcdatamodel;
		};
/* End XCVersionGroup section */
	};
	rootObject = C9EEEC371AB4CF6C003E8D6F /* Project object */;
}
